
Microsoft Visual Studio Solution File, Format Version 10.00
# Visual Studio 2008
Project("{8BC9CEB8-8B4A-11D0-8D11-00A0C91BC942}") = "mirage", "mirage.vcproj", "{42E83616-EF72-4AB0-ADD4-9D01227C5FAB}"
EndProject
Global
	GlobalSection(SolutionConfigurationPlatforms) = preSolution
		Debug|Win32 = Debug|Win32
		Release|Win32 = Release|Win32
	EndGlobalSection
	GlobalSection(ProjectConfigurationPlatforms) = postSolution
		{42E83616-EF72-4AB0-ADD4-9D01227C5FAB}.Debug|Win32.ActiveCfg = Debug|Win32
		{42E83616-EF72-4AB0-ADD4-9D01227C5FAB}.Debug|Win32.Build.0 = Debug|Win32
		{42E83616-EF72-4AB0-ADD4-9D01227C5FAB}.Release|Win32.ActiveCfg = Release|Win32
		{42E83616-EF72-4AB0-ADD4-9D01227C5FAB}.Release|Win32.Build.0 = Release|Win32
	EndGlobalSection
	GlobalSection(SolutionProperties) = preSolution
		HideSolutionNode = FALSE
	EndGlobalSection
EndGlobal
